
Microsoft Visual Studio Solution File, Format Version 12.00
# Visual Studio Version 17
VisualStudioVersion = 17.8.34525.116
MinimumVisualStudioVersion = 10.0.40219.1
Project("{9A19103F-16F7-4668-BE54-9A1E7A4F7556}") = "Hotel_App_View", "Hotel_App_View\Hotel_App_View.csproj", "{324653C6-B309-478E-BB5E-614BBB48FAC9}"
EndProject
Project("{9A19103F-16F7-4668-BE54-9A1E7A4F7556}") = "Hotel_App_Library", "Hotel_App_Library\Hotel_App_Library.csproj", "{1A824A5C-DB4A-46F1-A0F4-0C5A5B89B4B7}"
EndProject
Project("{2150E333-8FDC-42A3-9474-1A3956D46DE8}") = "Views", "Views", "{3083F741-0CE6-4EE5-80DC-7D5513D4FDB1}"
EndProject
Project("{2150E333-8FDC-42A3-9474-1A3956D46DE8}") = "Models", "Models", "{6B59CF62-2418-4616-8A54-5F61CC7EFD10}"
EndProject
Global
	GlobalSection(SolutionConfigurationPlatforms) = preSolution
		Debug|Any CPU = Debug|Any CPU
		Release|Any CPU = Release|Any CPU
	EndGlobalSection
	GlobalSection(ProjectConfigurationPlatforms) = postSolution
		{324653C6-B309-478E-BB5E-614BBB48FAC9}.Debug|Any CPU.ActiveCfg = Debug|Any CPU
		{324653C6-B309-478E-BB5E-614BBB48FAC9}.Debug|Any CPU.Build.0 = Debug|Any CPU
		{324653C6-B309-478E-BB5E-614BBB48FAC9}.Release|Any CPU.ActiveCfg = Release|Any CPU
		{324653C6-B309-478E-BB5E-614BBB48FAC9}.Release|Any CPU.Build.0 = Release|Any CPU
		{1A824A5C-DB4A-46F1-A0F4-0C5A5B89B4B7}.Debug|Any CPU.ActiveCfg = Debug|Any CPU
		{1A824A5C-DB4A-46F1-A0F4-0C5A5B89B4B7}.Debug|Any CPU.Build.0 = Debug|Any CPU
		{1A824A5C-DB4A-46F1-A0F4-0C5A5B89B4B7}.Release|Any CPU.ActiveCfg = Release|Any CPU
		{1A824A5C-DB4A-46F1-A0F4-0C5A5B89B4B7}.Release|Any CPU.Build.0 = Release|Any CPU
	EndGlobalSection
	GlobalSection(SolutionProperties) = preSolution
		HideSolutionNode = FALSE
	EndGlobalSection
	GlobalSection(NestedProjects) = preSolution
		{324653C6-B309-478E-BB5E-614BBB48FAC9} = {3083F741-0CE6-4EE5-80DC-7D5513D4FDB1}
		{1A824A5C-DB4A-46F1-A0F4-0C5A5B89B4B7} = {6B59CF62-2418-4616-8A54-5F61CC7EFD10}
	EndGlobalSection
	GlobalSection(ExtensibilityGlobals) = postSolution
		SolutionGuid = {32C726B9-A205-4A52-8D36-5085CB8D213F}
	EndGlobalSection
EndGlobal
